
Microsoft Visual Studio Solution File, Format Version 12.00
# Visual Studio Version 16
VisualStudioVersion = 16.0.30114.105
MinimumVisualStudioVersion = 10.0.40219.1
Project("{9A19103F-16F7-4668-BE54-9A1E7A4F7556}") = "IdentityProvider", "IdentityProvider\IdentityProvider.csproj", "{3F3E2C20-9BE9-4D06-82FB-8D3BA39BEEAD}"
EndProject
Project("{FAE04EC0-301F-11D3-BF4B-00C04F79EFBC}") = "MyAppBlazor", "MyAppBlazor\MyAppBlazor.csproj", "{2094EFC3-9466-4625-97A3-818F97DA7041}"
EndProject
Project("{FAE04EC0-301F-11D3-BF4B-00C04F79EFBC}") = "WeatherApi", "WeatherApi\WeatherApi.csproj", "{D8EDC914-3241-415E-86BB-FD365D3B0528}"
EndProject
Global
	GlobalSection(SolutionConfigurationPlatforms) = preSolution
		Debug|Any CPU = Debug|Any CPU
		Release|Any CPU = Release|Any CPU
	EndGlobalSection
	GlobalSection(ProjectConfigurationPlatforms) = postSolution
		{3F3E2C20-9BE9-4D06-82FB-8D3BA39BEEAD}.Debug|Any CPU.ActiveCfg = Debug|Any CPU
		{3F3E2C20-9BE9-4D06-82FB-8D3BA39BEEAD}.Debug|Any CPU.Build.0 = Debug|Any CPU
		{3F3E2C20-9BE9-4D06-82FB-8D3BA39BEEAD}.Release|Any CPU.ActiveCfg = Release|Any CPU
		{3F3E2C20-9BE9-4D06-82FB-8D3BA39BEEAD}.Release|Any CPU.Build.0 = Release|Any CPU
		{2094EFC3-9466-4625-97A3-818F97DA7041}.Debug|Any CPU.ActiveCfg = Debug|Any CPU
		{2094EFC3-9466-4625-97A3-818F97DA7041}.Debug|Any CPU.Build.0 = Debug|Any CPU
		{2094EFC3-9466-4625-97A3-818F97DA7041}.Release|Any CPU.ActiveCfg = Release|Any CPU
		{2094EFC3-9466-4625-97A3-818F97DA7041}.Release|Any CPU.Build.0 = Release|Any CPU
		{D8EDC914-3241-415E-86BB-FD365D3B0528}.Debug|Any CPU.ActiveCfg = Debug|Any CPU
		{D8EDC914-3241-415E-86BB-FD365D3B0528}.Debug|Any CPU.Build.0 = Debug|Any CPU
		{D8EDC914-3241-415E-86BB-FD365D3B0528}.Release|Any CPU.ActiveCfg = Release|Any CPU
		{D8EDC914-3241-415E-86BB-FD365D3B0528}.Release|Any CPU.Build.0 = Release|Any CPU
	EndGlobalSection
	GlobalSection(SolutionProperties) = preSolution
		HideSolutionNode = FALSE
	EndGlobalSection
	GlobalSection(ExtensibilityGlobals) = postSolution
		SolutionGuid = {80ED960A-8100-438E-9980-732AF83C94C2}
	EndGlobalSection
EndGlobal
